<?xml version="1.0" encoding="utf-8"?>
<Project ToolsVersion="4.0" xmlns="http://schemas.microsoft.com/developer/msbuild/2003">
  <ItemGroup>
    <Filter Include="Source Files">
      <UniqueIdentifier>{5a92ec53-c064-4034-a5ea-c0c96a0ae792}</UniqueIdentifier>
      <Extensions>cpp;c;cxx;rc;def;r;odl;idl;hpj;bat</Extensions>
    </Filter>
    <Filter Include="Source Files\Resource Files">
      <UniqueIdentifier>{dc033beb-8446-47e3-a08f-81d7d4c842ae}</UniqueIdentifier>
      <Extensions>ico;cur;bmp;dlg;rc2;rct;bin;rgs;gif;jpg;jpeg;jpe</Extensions>
    </Filter>
    <Filter Include="Header Files">
      <UniqueIdentifier>{41242e60-ab35-49d8-92e4-b1bdadfd85aa}</UniqueIdentifier>
      <Extensions>h;hpp;hxx;hm;inl</Extensions>
    </Filter>
  </ItemGroup>
  <ItemGroup>
    <ClCompile Include="main.cpp">
      <Filter>Source Files</Filter>
    </ClCompile>
    <ClCompile Include="myMatrix.cpp">
      <Filter>Source Files</Filter>
    </ClCompile>
    <ClCompile Include="myQuat.cpp">
      <Filter>Source Files</Filter>
    </ClCompile>
    <ClCompile Include="myVector.cpp">
      <Filter>Source Files</Filter>
    </ClCompile>
    <ClCompile Include="ObjLoader.cpp">
      <Filter>Source Files</Filter>
    </ClCompile>
    <ClCompile Include="particleSystem.cpp">
      <Filter>Source Files</Filter>
    </ClCompile>
    <ClCompile Include="tgaloader.cpp">
      <Filter>Source Files</Filter>
    </ClCompile>
    <ClCompile Include="boltzmann.cpp">
      <Filter>Source Files</Filter>
    </ClCompile>
  </ItemGroup>
  <ItemGroup>
    <ClInclude Include="glext.h">
      <Filter>Header Files</Filter>
    </ClInclude>
    <ClInclude Include="myMatrix.h">
      <Filter>Header Files</Filter>
    </ClInclude>
    <ClInclude Include="myQuat.h">
      <Filter>Header Files</Filter>
    </ClInclude>
    <ClInclude Include="myVector.h">
      <Filter>Header Files</Filter>
    </ClInclude>
    <ClInclude Include="ObjLoader.h">
      <Filter>Header Files</Filter>
    </ClInclude>
    <ClInclude Include="particleSystem.h">
      <Filter>Header Files</Filter>
    </ClInclude>
    <ClInclude Include="tgaloader.h">
      <Filter>Header Files</Filter>
    </ClInclude>
    <ClInclude Include="include\gl\GLAUX.H">
      <Filter>Header Files</Filter>
    </ClInclude>
    <ClInclude Include="include\gl\glut.h">
      <Filter>Header Files</Filter>
    </ClInclude>
    <ClInclude Include="boltzmann.h">
      <Filter>Header Files</Filter>
    </ClInclude>
  </ItemGroup>
  <ItemGroup>
    <None Include="Debug\glut32.dll" />
  </ItemGroup>
  <ItemGroup>
    <Library Include="libs\GLAUX.LIB" />
    <Library Include="libs\glut32.lib" />
  </ItemGroup>
  <ItemGroup>
    <Image Include="pngegg.bmp">
      <Filter>Source Files\Resource Files</Filter>
    </Image>
  </ItemGroup>
</Project>